agent = []

[metadata]
lock_version = 1
declaration_hash_version = 1
declaration_hash = "sha256:390e45b51164e8964682a2adfa7384d9bc2d6a3c3cd18244b28da9b6bae882d5"
generated_by = "grim 0.14.3"
generated_at = "2026-10-07T17:39:11Z"

[[skill]]
name = "docs-instrument"
pinned = "ghcr.io/ocx-sh/lore/docs-instrument@sha256:e6a5459c18f7d8192ec81efc70bc674809edfbdc305d96bc60bf3cb14b3b790d"
bundle = "ghcr.io/ocx-sh/lore/docs-essentials"
bundle_tag = "latest"

[[skill]]
name = "docs-plan"
pinned = "ghcr.io/ocx-sh/lore/docs-plan@sha256:cbff12650842b27b1af5513caf447c516bb33b72735121902b48576fa0840778"
bundle = "ghcr.io/ocx-sh/lore/docs-essentials"
bundle_tag = "latest"

[[skill]]
name = "docs-review"
pinned = "ghcr.io/ocx-sh/lore/docs-review@sha256:6008173170905e2f0e0562a10d840b5120496a7fb99564d985fce6bbeb05ac5f"
bundle = "ghcr.io/ocx-sh/lore/docs-essentials"
bundle_tag = "latest"

[[rule]]
name = "docs-quality"
pinned = "ghcr.io/ocx-sh/lore/docs-quality@sha256:d9ab2df9ccff688f98f539ab1f1c3c9cf56fdfefa91b7d190dfca70d0afed09e"
bundle = "ghcr.io/ocx-sh/lore/docs-essentials"
bundle_tag = "latest"

[[bundle]]
name = "docs-essentials"
repo = "ghcr.io/ocx-sh/lore/docs-essentials"
tag = "latest"
pinned = "ghcr.io/ocx-sh/lore/docs-essentials@sha256:d8b090ccb9c7871b4fb03b7f1671a9464bf8d0a07e6d1ee8733a25ac79ae9c38"

[[bundle.member]]
kind = "skill"
name = "docs-instrument"
id = "ghcr.io/ocx-sh/lore/docs-instrument:latest"

[[bundle.member]]
kind = "skill"
name = "docs-plan"
id = "ghcr.io/ocx-sh/lore/docs-plan:latest"

[[bundle.member]]
kind = "skill"
name = "docs-review"
id = "ghcr.io/ocx-sh/lore/docs-review:latest"

[[bundle.member]]
kind = "rule"
name = "docs-quality"
id = "ghcr.io/ocx-sh/lore/docs-quality:latest"
