[metadata]
lock_version = 2
declaration_hash_version = 1
declaration_hash = "sha256:4a4fc64c4b82c7c4b14d1b82fbdeca20e9fe0a42771879732900ce85df73f67a"
generated_by = "ocx 0.3.10"
generated_at = "2026-07-01T20:42:43Z"

[[tool]]
name = "shellcheck"
group = "default"
repository = "ocx.sh/shellcheck"

[tool.platforms]
"darwin/amd64" = "sha256:fd2b99d63532350eea08ec7c466a7e308154ecbd26eaccd4d99c11948a886c21"
"darwin/arm64" = "sha256:811205c7d4c595ef4c2d4758eede85120007e5f5c47499788e750de32031e1dd"
"linux/amd64" = "sha256:437a3632279766f50ed9481025f53cfb898b14564a8aa4d176be7da89661539f"
"linux/arm64" = "sha256:8f2010f42751893ce5947b50555f8d06186abdf24da0acd3135bd8ec61090484"
"windows/amd64" = "sha256:91ca4c25cb0d7238379460061dd73fa75cab0d6658ac43a3f99def024afdd8d2"

[[tool]]
name = "shfmt"
group = "default"
repository = "ocx.sh/shfmt"

[tool.platforms]
"darwin/amd64" = "sha256:c7b714675010b28916492fd83452aa42532fd248eb8a666488725244ff16e85f"
"darwin/arm64" = "sha256:083ffabe6cf8bbf8417f0755a704af860896f55e3137bd8a4a42a1ec85fcf308"
"linux/amd64" = "sha256:fa371e428652c0d39c653f92d72994805c0d75afb229e3b4c06de4af25829e51"
"linux/arm64" = "sha256:e390d94288c689c6150cb9d62a7e4af22dc65f17bd67396ebee4d7aee5fcc2d7"
"windows/amd64" = "sha256:acb13a561382c9f1a4cc58f155334b274ff3a4830937b117e5824cbb61d81e06"
